
Microsoft Visual Studio Solution File, Format Version 12.00
# Visual Studio Version 16
VisualStudioVersion = 16.0.29209.152
MinimumVisualStudioVersion = 10.0.40219.1
Project("{9A19103F-16F7-4668-BE54-9A1E7A4F7556}") = "HeroCare", "HeroCare\HeroCare.csproj", "{AF98EA3B-1393-4048-BF4A-AE9DA504DB48}"
EndProject
Project("{9A19103F-16F7-4668-BE54-9A1E7A4F7556}") = "BusinessApp.Core.Entity", "BusinessApp.Core.Entitiy\BusinessApp.Core.Entity.csproj", "{031F3BF8-3603-42F7-AF31-4D629415456D}"
EndProject
Project("{9A19103F-16F7-4668-BE54-9A1E7A4F7556}") = "BusinessApp.Core", "BusinessApp.Core\BusinessApp.Core.csproj", "{EC905AC4-23A6-40C3-AD35-CA10039C4777}"
	ProjectSection(ProjectDependencies) = postProject
		{031F3BF8-3603-42F7-AF31-4D629415456D} = {031F3BF8-3603-42F7-AF31-4D629415456D}
	EndProjectSection
EndProject
Project("{9A19103F-16F7-4668-BE54-9A1E7A4F7556}") = "BusinessApp.Infrastructure.Data", "BusinessApp.Infrastructure.Data\BusinessApp.Infrastructure.Data.csproj", "{B515B91C-A9F1-4057-8189-246404999D86}"
EndProject
Global
	GlobalSection(SolutionConfigurationPlatforms) = preSolution
		Debug|Any CPU = Debug|Any CPU
		Release|Any CPU = Release|Any CPU
	EndGlobalSection
	GlobalSection(ProjectConfigurationPlatforms) = postSolution
		{AF98EA3B-1393-4048-BF4A-AE9DA504DB48}.Debug|Any CPU.ActiveCfg = Debug|Any CPU
		{AF98EA3B-1393-4048-BF4A-AE9DA504DB48}.Debug|Any CPU.Build.0 = Debug|Any CPU
		{AF98EA3B-1393-4048-BF4A-AE9DA504DB48}.Release|Any CPU.ActiveCfg = Release|Any CPU
		{AF98EA3B-1393-4048-BF4A-AE9DA504DB48}.Release|Any CPU.Build.0 = Release|Any CPU
		{031F3BF8-3603-42F7-AF31-4D629415456D}.Debug|Any CPU.ActiveCfg = Debug|Any CPU
		{031F3BF8-3603-42F7-AF31-4D629415456D}.Debug|Any CPU.Build.0 = Debug|Any CPU
		{031F3BF8-3603-42F7-AF31-4D629415456D}.Release|Any CPU.ActiveCfg = Release|Any CPU
		{031F3BF8-3603-42F7-AF31-4D629415456D}.Release|Any CPU.Build.0 = Release|Any CPU
		{EC905AC4-23A6-40C3-AD35-CA10039C4777}.Debug|Any CPU.ActiveCfg = Debug|Any CPU
		{EC905AC4-23A6-40C3-AD35-CA10039C4777}.Debug|Any CPU.Build.0 = Debug|Any CPU
		{EC905AC4-23A6-40C3-AD35-CA10039C4777}.Release|Any CPU.ActiveCfg = Release|Any CPU
		{EC905AC4-23A6-40C3-AD35-CA10039C4777}.Release|Any CPU.Build.0 = Release|Any CPU
		{B515B91C-A9F1-4057-8189-246404999D86}.Debug|Any CPU.ActiveCfg = Debug|Any CPU
		{B515B91C-A9F1-4057-8189-246404999D86}.Debug|Any CPU.Build.0 = Debug|Any CPU
		{B515B91C-A9F1-4057-8189-246404999D86}.Release|Any CPU.ActiveCfg = Release|Any CPU
		{B515B91C-A9F1-4057-8189-246404999D86}.Release|Any CPU.Build.0 = Release|Any CPU
	EndGlobalSection
	GlobalSection(SolutionProperties) = preSolution
		HideSolutionNode = FALSE
	EndGlobalSection
	GlobalSection(ExtensibilityGlobals) = postSolution
		SolutionGuid = {AA4F2691-AE93-4115-A423-A9BC4EDB97B2}
	EndGlobalSection
EndGlobal
